// !$*UTF8*$!
{
	archiveVersion = 1;
	classes = {
	};
	objectVersion = 55;
	objects = {

/* Begin PBXBuildFile section */
		229F8A1F276C180400F20A34 /* AppDelegate.swift in Sources */ = {isa = PBXBuildFile; fileRef = 229F8A1E276C180400F20A34 /* AppDelegate.swift */; };
		229F8A21276C180400F20A34 /* SceneDelegate.swift in Sources */ = {isa = PBXBuildFile; fileRef = 229F8A20276C180400F20A34 /* SceneDelegate.swift */; };
		229F8A23276C180400F20A34 /* ViewController.swift in Sources */ = {isa = PBXBuildFile; fileRef = 229F8A22276C180400F20A34 /* ViewController.swift */; };
		229F8A28276C180A00F20A34 /* Assets.xcassets in Resources */ = {isa = PBXBuildFile; fileRef = 229F8A27276C180A00F20A34 /* Assets.xcassets */; };
		229F8A2B276C180A00F20A34 /* LaunchScreen.storyboard in Resources */ = {isa = PBXBuildFile; fileRef = 229F8A29276C180A00F20A34 /* LaunchScreen.storyboard */; };
		FC17DEA12773223A00EFBFE1 /* Interactor.swift in Sources */ = {isa = PBXBuildFile; fileRef = FC17DEA02773223A00EFBFE1 /* Interactor.swift */; };
		FC17DEA32773263300EFBFE1 /* DateFormatter.swift in Sources */ = {isa = PBXBuildFile; fileRef = FC17DEA22773263300EFBFE1 /* DateFormatter.swift */; };
		FC17DEA5277328A300EFBFE1 /* Interactor.swift in Sources */ = {isa = PBXBuildFile; fileRef = FC17DEA02773223A00EFBFE1 /* Interactor.swift */; };
		FC17DEA927732E0900EFBFE1 /* DateFormatter.swift in Sources */ = {isa = PBXBuildFile; fileRef = FC17DEA22773263300EFBFE1 /* DateFormatter.swift */; };
		FC17DEAC2773540800EFBFE1 /* RepositoryViewController.swift in Sources */ = {isa = PBXBuildFile; fileRef = FC17DEAB2773540800EFBFE1 /* RepositoryViewController.swift */; };
		FC2D2A8F2771FC0A00014449 /* Network.swift in Sources */ = {isa = PBXBuildFile; fileRef = FC2D2A8E2771FC0A00014449 /* Network.swift */; };
		FC2D2A9F2771FE0300014449 /* MyPhotoEntryView.swift in Sources */ = {isa = PBXBuildFile; fileRef = FC2D2A972771FD0700014449 /* MyPhotoEntryView.swift */; };
		FC2D2AA12771FE0300014449 /* MyPhotoEntry.swift in Sources */ = {isa = PBXBuildFile; fileRef = FC2D2A932771FCDA00014449 /* MyPhotoEntry.swift */; };
		FC2D2AA22771FE0300014449 /* MyPhotoPrivider.swift in Sources */ = {isa = PBXBuildFile; fileRef = FC2D2A952771FCF600014449 /* MyPhotoPrivider.swift */; };
		FCCB9DED2771EF3300EC99F9 /* WidgetKit.framework in Frameworks */ = {isa = PBXBuildFile; fileRef = FCCB9DEC2771EF3300EC99F9 /* WidgetKit.framework */; };
		FCCB9DEF2771EF3300EC99F9 /* SwiftUI.framework in Frameworks */ = {isa = PBXBuildFile; fileRef = FCCB9DEE2771EF3300EC99F9 /* SwiftUI.framework */; };
		FCCB9DF22771EF3300EC99F9 /* MyPhotoWidget.swift in Sources */ = {isa = PBXBuildFile; fileRef = FCCB9DF12771EF3300EC99F9 /* MyPhotoWidget.swift */; };
		FCCB9DF42771EF3400EC99F9 /* Assets.xcassets in Resources */ = {isa = PBXBuildFile; fileRef = FCCB9DF32771EF3400EC99F9 /* Assets.xcassets */; };
		FCCB9DF82771EF3400EC99F9 /* MyPhotoWidgetExtension.appex in Embed App Extensions */ = {isa = PBXBuildFile; fileRef = FCCB9DEB2771EF3300EC99F9 /* MyPhotoWidgetExtension.appex */; settings = {ATTRIBUTES = (RemoveHeadersOnCopy, ); }; };
		FCDC0929277AE49200D9CE00 /* Network.swift in Sources */ = {isa = PBXBuildFile; fileRef = FC2D2A8E2771FC0A00014449 /* Network.swift */; };
/* End PBXBuildFile section */

/* Begin PBXContainerItemProxy section */
		FCCB9DF62771EF3400EC99F9 /* PBXContainerItemProxy */ = {
			isa = PBXContainerItemProxy;
			containerPortal = 229F8A13276C180400F20A34 /* Project object */;
			proxyType = 1;
			remoteGlobalIDString = FCCB9DEA2771EF3300EC99F9;
			remoteInfo = MyPhotoWidgetExtension;
		};
/* End PBXContainerItemProxy section */

/* Begin PBXCopyFilesBuildPhase section */
		FCCB9DF92771EF3400EC99F9 /* Embed App Extensions */ = {
			isa = PBXCopyFilesBuildPhase;
			buildActionMask = 2147483647;
			dstPath = "";
			dstSubfolderSpec = 13;
			files = (
				FCCB9DF82771EF3400EC99F9 /* MyPhotoWidgetExtension.appex in Embed App Extensions */,
			);
			name = "Embed App Extensions";
			runOnlyForDeploymentPostprocessing = 0;
		};
/* End PBXCopyFilesBuildPhase section */

/* Begin PBXFileReference section */
		229F8A1B276C180400F20A34 /* Lab.app */ = {isa = PBXFileReference; explicitFileType = wrapper.application; includeInIndex = 0; path = Lab.app; sourceTree = BUILT_PRODUCTS_DIR; };
		229F8A1E276C180400F20A34 /* AppDelegate.swift */ = {isa = PBXFileReference; lastKnownFileType = sourcecode.swift; path = AppDelegate.swift; sourceTree = "<group>"; };
		229F8A20276C180400F20A34 /* SceneDelegate.swift */ = {isa = PBXFileReference; lastKnownFileType = sourcecode.swift; path = SceneDelegate.swift; sourceTree = "<group>"; };
		229F8A22276C180400F20A34 /* ViewController.swift */ = {isa = PBXFileReference; lastKnownFileType = sourcecode.swift; path = ViewController.swift; sourceTree = "<group>"; };
		229F8A27276C180A00F20A34 /* Assets.xcassets */ = {isa = PBXFileReference; lastKnownFileType = folder.assetcatalog; path = Assets.xcassets; sourceTree = "<group>"; };
		229F8A2A276C180A00F20A34 /* Base */ = {isa = PBXFileReference; lastKnownFileType = file.storyboard; name = Base; path = Base.lproj/LaunchScreen.storyboard; sourceTree = "<group>"; };
		229F8A2C276C180A00F20A34 /* Info.plist */ = {isa = PBXFileReference; lastKnownFileType = text.plist.xml; path = Info.plist; sourceTree = "<group>"; };
		FC17DEA02773223A00EFBFE1 /* Interactor.swift */ = {isa = PBXFileReference; lastKnownFileType = sourcecode.swift; path = Interactor.swift; sourceTree = "<group>"; };
		FC17DEA22773263300EFBFE1 /* DateFormatter.swift */ = {isa = PBXFileReference; lastKnownFileType = sourcecode.swift; path = DateFormatter.swift; sourceTree = "<group>"; };
		FC17DEAB2773540800EFBFE1 /* RepositoryViewController.swift */ = {isa = PBXFileReference; lastKnownFileType = sourcecode.swift; path = RepositoryViewController.swift; sourceTree = "<group>"; };
		FC2D2A8E2771FC0A00014449 /* Network.swift */ = {isa = PBXFileReference; lastKnownFileType = sourcecode.swift; path = Network.swift; sourceTree = "<group>"; };
		FC2D2A932771FCDA00014449 /* MyPhotoEntry.swift */ = {isa = PBXFileReference; lastKnownFileType = sourcecode.swift; path = MyPhotoEntry.swift; sourceTree = "<group>"; };
		FC2D2A952771FCF600014449 /* MyPhotoPrivider.swift */ = {isa = PBXFileReference; lastKnownFileType = sourcecode.swift; path = MyPhotoPrivider.swift; sourceTree = "<group>"; };
		FC2D2A972771FD0700014449 /* MyPhotoEntryView.swift */ = {isa = PBXFileReference; lastKnownFileType = sourcecode.swift; path = MyPhotoEntryView.swift; sourceTree = "<group>"; };
		FCCB9DEB2771EF3300EC99F9 /* MyPhotoWidgetExtension.appex */ = {isa = PBXFileReference; explicitFileType = "wrapper.app-extension"; includeInIndex = 0; path = MyPhotoWidgetExtension.appex; sourceTree = BUILT_PRODUCTS_DIR; };
		FCCB9DEC2771EF3300EC99F9 /* WidgetKit.framework */ = {isa = PBXFileReference; lastKnownFileType = wrapper.framework; name = WidgetKit.framework; path = System/Library/Frameworks/WidgetKit.framework; sourceTree = SDKROOT; };
		FCCB9DEE2771EF3300EC99F9 /* SwiftUI.framework */ = {isa = PBXFileReference; lastKnownFileType = wrapper.framework; name = SwiftUI.framework; path = System/Library/Frameworks/SwiftUI.framework; sourceTree = SDKROOT; };
		FCCB9DF12771EF3300EC99F9 /* MyPhotoWidget.swift */ = {isa = PBXFileReference; lastKnownFileType = sourcecode.swift; path = MyPhotoWidget.swift; sourceTree = "<group>"; };
		FCCB9DF32771EF3400EC99F9 /* Assets.xcassets */ = {isa = PBXFileReference; lastKnownFileType = folder.assetcatalog; path = Assets.xcassets; sourceTree = "<group>"; };
		FCCB9DF52771EF3400EC99F9 /* Info.plist */ = {isa = PBXFileReference; lastKnownFileType = text.plist.xml; path = Info.plist; sourceTree = "<group>"; };
/* End PBXFileReference section */

/* Begin PBXFrameworksBuildPhase section */
		229F8A18276C180400F20A34 /* Frameworks */ = {
			isa = PBXFrameworksBuildPhase;
			buildActionMask = 2147483647;
			files = (
			);
			runOnlyForDeploymentPostprocessing = 0;
		};
		FCCB9DE82771EF3300EC99F9 /* Frameworks */ = {
			isa = PBXFrameworksBuildPhase;
			buildActionMask = 2147483647;
			files = (
				FCCB9DEF2771EF3300EC99F9 /* SwiftUI.framework in Frameworks */,
				FCCB9DED2771EF3300EC99F9 /* WidgetKit.framework in Frameworks */,
			);
			runOnlyForDeploymentPostprocessing = 0;
		};
/* End PBXFrameworksBuildPhase section */

/* Begin PBXGroup section */
		229F8A12276C180400F20A34 = {
			isa = PBXGroup;
			children = (
				229F8A1D276C180400F20A34 /* Lab */,
				FCCB9DF02771EF3300EC99F9 /* MyPhotoWidget */,
				229F8A1C276C180400F20A34 /* Products */,
				DA55E4D4E4DE857B19F70169 /* Pods */,
				2A12942673B1E6D416F7A94A /* Frameworks */,
			);
			sourceTree = "<group>";
		};
		229F8A1C276C180400F20A34 /* Products */ = {
			isa = PBXGroup;
			children = (
				229F8A1B276C180400F20A34 /* Lab.app */,
				FCCB9DEB2771EF3300EC99F9 /* MyPhotoWidgetExtension.appex */,
			);
			name = Products;
			sourceTree = "<group>";
		};
		229F8A1D276C180400F20A34 /* Lab */ = {
			isa = PBXGroup;
			children = (
				229F8A1E276C180400F20A34 /* AppDelegate.swift */,
				229F8A20276C180400F20A34 /* SceneDelegate.swift */,
				229F8A22276C180400F20A34 /* ViewController.swift */,
				FC17DEAB2773540800EFBFE1 /* RepositoryViewController.swift */,
				FC17DEA02773223A00EFBFE1 /* Interactor.swift */,
				FC2D2A8E2771FC0A00014449 /* Network.swift */,
				FC17DEA22773263300EFBFE1 /* DateFormatter.swift */,
				229F8A27276C180A00F20A34 /* Assets.xcassets */,
				229F8A29276C180A00F20A34 /* LaunchScreen.storyboard */,
				229F8A2C276C180A00F20A34 /* Info.plist */,
			);
			path = Lab;
			sourceTree = "<group>";
		};
		2A12942673B1E6D416F7A94A /* Frameworks */ = {
			isa = PBXGroup;
			children = (
				FCCB9DEC2771EF3300EC99F9 /* WidgetKit.framework */,
				FCCB9DEE2771EF3300EC99F9 /* SwiftUI.framework */,
			);
			name = Frameworks;
			sourceTree = "<group>";
		};
		DA55E4D4E4DE857B19F70169 /* Pods */ = {
			isa = PBXGroup;
			children = (
			);
			path = Pods;
			sourceTree = "<group>";
		};
		FC2D2A912771FCB500014449 /* Provider */ = {
			isa = PBXGroup;
			children = (
				FC2D2A932771FCDA00014449 /* MyPhotoEntry.swift */,
				FC2D2A952771FCF600014449 /* MyPhotoPrivider.swift */,
			);
			path = Provider;
			sourceTree = "<group>";
		};
		FC2D2A922771FCC000014449 /* ViewContent */ = {
			isa = PBXGroup;
			children = (
				FC2D2A972771FD0700014449 /* MyPhotoEntryView.swift */,
			);
			path = ViewContent;
			sourceTree = "<group>";
		};
		FCCB9DF02771EF3300EC99F9 /* MyPhotoWidget */ = {
			isa = PBXGroup;
			children = (
				FCCB9DF12771EF3300EC99F9 /* MyPhotoWidget.swift */,
				FC2D2A912771FCB500014449 /* Provider */,
				FC2D2A922771FCC000014449 /* ViewContent */,
				FCCB9DF32771EF3400EC99F9 /* Assets.xcassets */,
				FCCB9DF52771EF3400EC99F9 /* Info.plist */,
			);
			path = MyPhotoWidget;
			sourceTree = "<group>";
		};
/* End PBXGroup section */

/* Begin PBXNativeTarget section */
		229F8A1A276C180400F20A34 /* Lab */ = {
			isa = PBXNativeTarget;
			buildConfigurationList = 229F8A2F276C180A00F20A34 /* Build configuration list for PBXNativeTarget "Lab" */;
			buildPhases = (
				229F8A17276C180400F20A34 /* Sources */,
				229F8A18276C180400F20A34 /* Frameworks */,
				229F8A19276C180400F20A34 /* Resources */,
				FCCB9DF92771EF3400EC99F9 /* Embed App Extensions */,
			);
			buildRules = (
			);
			dependencies = (
				FCCB9DF72771EF3400EC99F9 /* PBXTargetDependency */,
			);
			name = Lab;
			productName = Lab;
			productReference = 229F8A1B276C180400F20A34 /* Lab.app */;
			productType = "com.apple.product-type.application";
		};
		FCCB9DEA2771EF3300EC99F9 /* MyPhotoWidgetExtension */ = {
			isa = PBXNativeTarget;
			buildConfigurationList = FCCB9DFC2771EF3400EC99F9 /* Build configuration list for PBXNativeTarget "MyPhotoWidgetExtension" */;
			buildPhases = (
				FCCB9DE72771EF3300EC99F9 /* Sources */,
				FCCB9DE82771EF3300EC99F9 /* Frameworks */,
				FCCB9DE92771EF3300EC99F9 /* Resources */,
			);
			buildRules = (
			);
			dependencies = (
			);
			name = MyPhotoWidgetExtension;
			productName = MyPhotoWidgetExtension;
			productReference = FCCB9DEB2771EF3300EC99F9 /* MyPhotoWidgetExtension.appex */;
			productType = "com.apple.product-type.app-extension";
		};
/* End PBXNativeTarget section */

/* Begin PBXProject section */
		229F8A13276C180400F20A34 /* Project object */ = {
			isa = PBXProject;
			attributes = {
				BuildIndependentTargetsInParallel = 1;
				LastSwiftUpdateCheck = 1320;
				LastUpgradeCheck = 1300;
				TargetAttributes = {
					229F8A1A276C180400F20A34 = {
						CreatedOnToolsVersion = 13.0;
					};
					FCCB9DEA2771EF3300EC99F9 = {
						CreatedOnToolsVersion = 13.2.1;
					};
				};
			};
			buildConfigurationList = 229F8A16276C180400F20A34 /* Build configuration list for PBXProject "Lab" */;
			compatibilityVersion = "Xcode 13.0";
			developmentRegion = en;
			hasScannedForEncodings = 0;
			knownRegions = (
				en,
				Base,
			);
			mainGroup = 229F8A12276C180400F20A34;
			productRefGroup = 229F8A1C276C180400F20A34 /* Products */;
			projectDirPath = "";
			projectRoot = "";
			targets = (
				229F8A1A276C180400F20A34 /* Lab */,
				FCCB9DEA2771EF3300EC99F9 /* MyPhotoWidgetExtension */,
			);
		};
/* End PBXProject section */

/* Begin PBXResourcesBuildPhase section */
		229F8A19276C180400F20A34 /* Resources */ = {
			isa = PBXResourcesBuildPhase;
			buildActionMask = 2147483647;
			files = (
				229F8A2B276C180A00F20A34 /* LaunchScreen.storyboard in Resources */,
				229F8A28276C180A00F20A34 /* Assets.xcassets in Resources */,
			);
			runOnlyForDeploymentPostprocessing = 0;
		};
		FCCB9DE92771EF3300EC99F9 /* Resources */ = {
			isa = PBXResourcesBuildPhase;
			buildActionMask = 2147483647;
			files = (
				FCCB9DF42771EF3400EC99F9 /* Assets.xcassets in Resources */,
			);
			runOnlyForDeploymentPostprocessing = 0;
		};
/* End PBXResourcesBuildPhase section */

/* Begin PBXSourcesBuildPhase section */
		229F8A17276C180400F20A34 /* Sources */ = {
			isa = PBXSourcesBuildPhase;
			buildActionMask = 2147483647;
			files = (
				FC17DEA32773263300EFBFE1 /* DateFormatter.swift in Sources */,
				FC17DEA12773223A00EFBFE1 /* Interactor.swift in Sources */,
				229F8A23276C180400F20A34 /* ViewController.swift in Sources */,
				229F8A1F276C180400F20A34 /* AppDelegate.swift in Sources */,
				FC17DEAC2773540800EFBFE1 /* RepositoryViewController.swift in Sources */,
				FC2D2A8F2771FC0A00014449 /* Network.swift in Sources */,
				229F8A21276C180400F20A34 /* SceneDelegate.swift in Sources */,
			);
			runOnlyForDeploymentPostprocessing = 0;
		};
		FCCB9DE72771EF3300EC99F9 /* Sources */ = {
			isa = PBXSourcesBuildPhase;
			buildActionMask = 2147483647;
			files = (
				FC2D2AA22771FE0300014449 /* MyPhotoPrivider.swift in Sources */,
				FC2D2A9F2771FE0300014449 /* MyPhotoEntryView.swift in Sources */,
				FC17DEA927732E0900EFBFE1 /* DateFormatter.swift in Sources */,
				FCCB9DF22771EF3300EC99F9 /* MyPhotoWidget.swift in Sources */,
				FC17DEA5277328A300EFBFE1 /* Interactor.swift in Sources */,
				FCDC0929277AE49200D9CE00 /* Network.swift in Sources */,
				FC2D2AA12771FE0300014449 /* MyPhotoEntry.swift in Sources */,
			);
			runOnlyForDeploymentPostprocessing = 0;
		};
/* End PBXSourcesBuildPhase section */

/* Begin PBXTargetDependency section */
		FCCB9DF72771EF3400EC99F9 /* PBXTargetDependency */ = {
			isa = PBXTargetDependency;
			target = FCCB9DEA2771EF3300EC99F9 /* MyPhotoWidgetExtension */;
			targetProxy = FCCB9DF62771EF3400EC99F9 /* PBXContainerItemProxy */;
		};
/* End PBXTargetDependency section */

/* Begin PBXVariantGroup section */
		229F8A29276C180A00F20A34 /* LaunchScreen.storyboard */ = {
			isa = PBXVariantGroup;
			children = (
				229F8A2A276C180A00F20A34 /* Base */,
			);
			name = LaunchScreen.storyboard;
			sourceTree = "<group>";
		};
/* End PBXVariantGroup section */

/* Begin XCBuildConfiguration section */
		229F8A2D276C180A00F20A34 /* Debug */ = {
			isa = XCBuildConfiguration;
			buildSettings = {
				ALWAYS_SEARCH_USER_PATHS = NO;
				CLANG_ANALYZER_NONNULL = YES;
				CLANG_ANALYZER_NUMBER_OBJECT_CONVERSION = YES_AGGRESSIVE;
				CLANG_CXX_LANGUAGE_STANDARD = "gnu++17";
				CLANG_CXX_LIBRARY = "libc++";
				CLANG_ENABLE_MODULES = YES;
				CLANG_ENABLE_OBJC_ARC = YES;
				CLANG_ENABLE_OBJC_WEAK = YES;
				CLANG_WARN_BLOCK_CAPTURE_AUTORELEASING = YES;
				CLANG_WARN_BOOL_CONVERSION = YES;
				CLANG_WARN_COMMA = YES;
				CLANG_WARN_CONSTANT_CONVERSION = YES;
				CLANG_WARN_DEPRECATED_OBJC_IMPLEMENTATIONS = YES;
				CLANG_WARN_DIRECT_OBJC_ISA_USAGE = YES_ERROR;
				CLANG_WARN_DOCUMENTATION_COMMENTS = YES;
				CLANG_WARN_EMPTY_BODY = YES;
				CLANG_WARN_ENUM_CONVERSION = YES;
				CLANG_WARN_INFINITE_RECURSION = YES;
				CLANG_WARN_INT_CONVERSION = YES;
				CLANG_WARN_NON_LITERAL_NULL_CONVERSION = YES;
				CLANG_WARN_OBJC_IMPLICIT_RETAIN_SELF = YES;
				CLANG_WARN_OBJC_LITERAL_CONVERSION = YES;
				CLANG_WARN_OBJC_ROOT_CLASS = YES_ERROR;
				CLANG_WARN_QUOTED_INCLUDE_IN_FRAMEWORK_HEADER = YES;
				CLANG_WARN_RANGE_LOOP_ANALYSIS = YES;
				CLANG_WARN_STRICT_PROTOTYPES = YES;
				CLANG_WARN_SUSPICIOUS_MOVE = YES;
				CLANG_WARN_UNGUARDED_AVAILABILITY = YES_AGGRESSIVE;
				CLANG_WARN_UNREACHABLE_CODE = YES;
				CLANG_WARN__DUPLICATE_METHOD_MATCH = YES;
				COPY_PHASE_STRIP = NO;
				DEBUG_INFORMATION_FORMAT = dwarf;
				ENABLE_STRICT_OBJC_MSGSEND = YES;
				ENABLE_TESTABILITY = YES;
				GCC_C_LANGUAGE_STANDARD = gnu11;
				GCC_DYNAMIC_NO_PIC = NO;
				GCC_NO_COMMON_BLOCKS = NO;
				GCC_OPTIMIZATION_LEVEL = 0;
				GCC_PREPROCESSOR_DEFINITIONS = (
					"DEBUG=1",
					"$(inherited)",
				);
				GCC_WARN_64_TO_32_BIT_CONVERSION = YES;
				GCC_WARN_ABOUT_RETURN_TYPE = YES_ERROR;
				GCC_WARN_UNDECLARED_SELECTOR = YES;
				GCC_WARN_UNINITIALIZED_AUTOS = YES_AGGRESSIVE;
				GCC_WARN_UNUSED_FUNCTION = YES;
				GCC_WARN_UNUSED_VARIABLE = YES;
				IPHONEOS_DEPLOYMENT_TARGET = 15.0;
				MTL_ENABLE_DEBUG_INFO = INCLUDE_SOURCE;
				MTL_FAST_MATH = YES;
				ONLY_ACTIVE_ARCH = YES;
				SDKROOT = iphoneos;
				SWIFT_ACTIVE_COMPILATION_CONDITIONS = DEBUG;
				SWIFT_OPTIMIZATION_LEVEL = "-Onone";
			};
			name = Debug;
		};
		229F8A2E276C180A00F20A34 /* Release */ = {
			isa = XCBuildConfiguration;
			buildSettings = {
				ALWAYS_SEARCH_USER_PATHS = NO;
				CLANG_ANALYZER_NONNULL = YES;
				CLANG_ANALYZER_NUMBER_OBJECT_CONVERSION = YES_AGGRESSIVE;
				CLANG_CXX_LANGUAGE_STANDARD = "gnu++17";
				CLANG_CXX_LIBRARY = "libc++";
				CLANG_ENABLE_MODULES = YES;
				CLANG_ENABLE_OBJC_ARC = YES;
				CLANG_ENABLE_OBJC_WEAK = YES;
				CLANG_WARN_BLOCK_CAPTURE_AUTORELEASING = YES;
				CLANG_WARN_BOOL_CONVERSION = YES;
				CLANG_WARN_COMMA = YES;
				CLANG_WARN_CONSTANT_CONVERSION = YES;
				CLANG_WARN_DEPRECATED_OBJC_IMPLEMENTATIONS = YES;
				CLANG_WARN_DIRECT_OBJC_ISA_USAGE = YES_ERROR;
				CLANG_WARN_DOCUMENTATION_COMMENTS = YES;
				CLANG_WARN_EMPTY_BODY = YES;
				CLANG_WARN_ENUM_CONVERSION = YES;
				CLANG_WARN_INFINITE_RECURSION = YES;
				CLANG_WARN_INT_CONVERSION = YES;
				CLANG_WARN_NON_LITERAL_NULL_CONVERSION = YES;
				CLANG_WARN_OBJC_IMPLICIT_RETAIN_SELF = YES;
				CLANG_WARN_OBJC_LITERAL_CONVERSION = YES;
				CLANG_WARN_OBJC_ROOT_CLASS = YES_ERROR;
				CLANG_WARN_QUOTED_INCLUDE_IN_FRAMEWORK_HEADER = YES;
				CLANG_WARN_RANGE_LOOP_ANALYSIS = YES;
				CLANG_WARN_STRICT_PROTOTYPES = YES;
				CLANG_WARN_SUSPICIOUS_MOVE = YES;
				CLANG_WARN_UNGUARDED_AVAILABILITY = YES_AGGRESSIVE;
				CLANG_WARN_UNREACHABLE_CODE = YES;
				CLANG_WARN__DUPLICATE_METHOD_MATCH = YES;
				COPY_PHASE_STRIP = NO;
				DEBUG_INFORMATION_FORMAT = "dwarf-with-dsym";
				ENABLE_NS_ASSERTIONS = NO;
				ENABLE_STRICT_OBJC_MSGSEND = YES;
				GCC_C_LANGUAGE_STANDARD = gnu11;
				GCC_NO_COMMON_BLOCKS = NO;
				GCC_WARN_64_TO_32_BIT_CONVERSION = YES;
				GCC_WARN_ABOUT_RETURN_TYPE = YES_ERROR;
				GCC_WARN_UNDECLARED_SELECTOR = YES;
				GCC_WARN_UNINITIALIZED_AUTOS = YES_AGGRESSIVE;
				GCC_WARN_UNUSED_FUNCTION = YES;
				GCC_WARN_UNUSED_VARIABLE = YES;
				IPHONEOS_DEPLOYMENT_TARGET = 15.0;
				MTL_ENABLE_DEBUG_INFO = NO;
				MTL_FAST_MATH = YES;
				SDKROOT = iphoneos;
				SWIFT_COMPILATION_MODE = wholemodule;
				SWIFT_OPTIMIZATION_LEVEL = "-O";
				VALIDATE_PRODUCT = YES;
			};
			name = Release;
		};
		229F8A30276C180A00F20A34 /* Debug */ = {
			isa = XCBuildConfiguration;
			buildSettings = {
				ALWAYS_EMBED_SWIFT_STANDARD_LIBRARIES = YES;
				ASSETCATALOG_COMPILER_APPICON_NAME = AppIcon;
				ASSETCATALOG_COMPILER_GLOBAL_ACCENT_COLOR_NAME = AccentColor;
				CODE_SIGN_STYLE = Automatic;
				CURRENT_PROJECT_VERSION = 1;
				DEVELOPMENT_TEAM = NY37VGJ3HF;
				GENERATE_INFOPLIST_FILE = YES;
				INFOPLIST_FILE = Lab/Info.plist;
				INFOPLIST_KEY_UIApplicationSupportsIndirectInputEvents = YES;
				INFOPLIST_KEY_UILaunchStoryboardName = LaunchScreen;
				INFOPLIST_KEY_UISupportedInterfaceOrientations_iPad = "UIInterfaceOrientationPortrait UIInterfaceOrientationPortraitUpsideDown UIInterfaceOrientationLandscapeLeft UIInterfaceOrientationLandscapeRight";
				INFOPLIST_KEY_UISupportedInterfaceOrientations_iPhone = "UIInterfaceOrientationPortrait UIInterfaceOrientationLandscapeLeft UIInterfaceOrientationLandscapeRight";
				LD_RUNPATH_SEARCH_PATHS = (
					"$(inherited)",
					"@executable_path/Frameworks",
				);
				MARKETING_VERSION = 1.0;
				PRODUCT_BUNDLE_IDENTIFIER = kr.maylily.Lab;
				PRODUCT_NAME = "$(TARGET_NAME)";
				SWIFT_EMIT_LOC_STRINGS = YES;
				SWIFT_VERSION = 5.0;
				TARGETED_DEVICE_FAMILY = "1,2";
			};
			name = Debug;
		};
		229F8A31276C180A00F20A34 /* Release */ = {
			isa = XCBuildConfiguration;
			buildSettings = {
				ALWAYS_EMBED_SWIFT_STANDARD_LIBRARIES = YES;
				ASSETCATALOG_COMPILER_APPICON_NAME = AppIcon;
				ASSETCATALOG_COMPILER_GLOBAL_ACCENT_COLOR_NAME = AccentColor;
				CODE_SIGN_STYLE = Automatic;
				CURRENT_PROJECT_VERSION = 1;
				DEVELOPMENT_TEAM = NY37VGJ3HF;
				GENERATE_INFOPLIST_FILE = YES;
				INFOPLIST_FILE = Lab/Info.plist;
				INFOPLIST_KEY_UIApplicationSupportsIndirectInputEvents = YES;
				INFOPLIST_KEY_UILaunchStoryboardName = LaunchScreen;
				INFOPLIST_KEY_UISupportedInterfaceOrientations_iPad = "UIInterfaceOrientationPortrait UIInterfaceOrientationPortraitUpsideDown UIInterfaceOrientationLandscapeLeft UIInterfaceOrientationLandscapeRight";
				INFOPLIST_KEY_UISupportedInterfaceOrientations_iPhone = "UIInterfaceOrientationPortrait UIInterfaceOrientationLandscapeLeft UIInterfaceOrientationLandscapeRight";
				LD_RUNPATH_SEARCH_PATHS = (
					"$(inherited)",
					"@executable_path/Frameworks",
				);
				MARKETING_VERSION = 1.0;
				PRODUCT_BUNDLE_IDENTIFIER = kr.maylily.Lab;
				PRODUCT_NAME = "$(TARGET_NAME)";
				SWIFT_EMIT_LOC_STRINGS = YES;
				SWIFT_VERSION = 5.0;
				TARGETED_DEVICE_FAMILY = "1,2";
			};
			name = Release;
		};
		FCCB9DFA2771EF3400EC99F9 /* Debug */ = {
			isa = XCBuildConfiguration;
			buildSettings = {
				ASSETCATALOG_COMPILER_GLOBAL_ACCENT_COLOR_NAME = AccentColor;
				ASSETCATALOG_COMPILER_WIDGET_BACKGROUND_COLOR_NAME = WidgetBackground;
				CODE_SIGN_STYLE = Automatic;
				CURRENT_PROJECT_VERSION = 1;
				DEVELOPMENT_TEAM = NY37VGJ3HF;
				GENERATE_INFOPLIST_FILE = YES;
				INFOPLIST_FILE = MyPhotoWidget/Info.plist;
				INFOPLIST_KEY_CFBundleDisplayName = MyPhotoWidget;
				INFOPLIST_KEY_NSHumanReadableCopyright = "";
				IPHONEOS_DEPLOYMENT_TARGET = 15.2;
				LD_RUNPATH_SEARCH_PATHS = (
					"$(inherited)",
					"@executable_path/Frameworks",
					"@executable_path/../../Frameworks",
				);
				MARKETING_VERSION = 1.0;
				PRODUCT_BUNDLE_IDENTIFIER = kr.maylily.Lab.MyPhotoWidget;
				PRODUCT_NAME = "$(TARGET_NAME)";
				SKIP_INSTALL = YES;
				SWIFT_EMIT_LOC_STRINGS = YES;
				SWIFT_VERSION = 5.0;
				TARGETED_DEVICE_FAMILY = "1,2";
			};
			name = Debug;
		};
		FCCB9DFB2771EF3400EC99F9 /* Release */ = {
			isa = XCBuildConfiguration;
			buildSettings = {
				ASSETCATALOG_COMPILER_GLOBAL_ACCENT_COLOR_NAME = AccentColor;
				ASSETCATALOG_COMPILER_WIDGET_BACKGROUND_COLOR_NAME = WidgetBackground;
				CODE_SIGN_STYLE = Automatic;
				CURRENT_PROJECT_VERSION = 1;
				DEVELOPMENT_TEAM = NY37VGJ3HF;
				GENERATE_INFOPLIST_FILE = YES;
				INFOPLIST_FILE = MyPhotoWidget/Info.plist;
				INFOPLIST_KEY_CFBundleDisplayName = MyPhotoWidget;
				INFOPLIST_KEY_NSHumanReadableCopyright = "";
				IPHONEOS_DEPLOYMENT_TARGET = 15.2;
				LD_RUNPATH_SEARCH_PATHS = (
					"$(inherited)",
					"@executable_path/Frameworks",
					"@executable_path/../../Frameworks",
				);
				MARKETING_VERSION = 1.0;
				PRODUCT_BUNDLE_IDENTIFIER = kr.maylily.Lab.MyPhotoWidget;
				PRODUCT_NAME = "$(TARGET_NAME)";
				SKIP_INSTALL = YES;
				SWIFT_EMIT_LOC_STRINGS = YES;
				SWIFT_VERSION = 5.0;
				TARGETED_DEVICE_FAMILY = "1,2";
			};
			name = Release;
		};
/* End XCBuildConfiguration section */

/* Begin XCConfigurationList section */
		229F8A16276C180400F20A34 /* Build configuration list for PBXProject "Lab" */ = {
			isa = XCConfigurationList;
			buildConfigurations = (
				229F8A2D276C180A00F20A34 /* Debug */,
				229F8A2E276C180A00F20A34 /* Release */,
			);
			defaultConfigurationIsVisible = 0;
			defaultConfigurationName = Release;
		};
		229F8A2F276C180A00F20A34 /* Build configuration list for PBXNativeTarget "Lab" */ = {
			isa = XCConfigurationList;
			buildConfigurations = (
				229F8A30276C180A00F20A34 /* Debug */,
				229F8A31276C180A00F20A34 /* Release */,
			);
			defaultConfigurationIsVisible = 0;
			defaultConfigurationName = Release;
		};
		FCCB9DFC2771EF3400EC99F9 /* Build configuration list for PBXNativeTarget "MyPhotoWidgetExtension" */ = {
			isa = XCConfigurationList;
			buildConfigurations = (
				FCCB9DFA2771EF3400EC99F9 /* Debug */,
				FCCB9DFB2771EF3400EC99F9 /* Release */,
			);
			defaultConfigurationIsVisible = 0;
			defaultConfigurationName = Release;
		};
/* End XCConfigurationList section */
	};
	rootObject = 229F8A13276C180400F20A34 /* Project object */;
}
